{
  "name": "code",
  "version": "1.0.0",
  "lockfileVersion": 2,
  "requires": true,
  "packages": {
    "": {
      "name": "code",
      "version": "1.0.0",
      "license": "ISC",
      "dependencies": {
        "@types/node": "^18.7.13",
        "rxjs": "^7.5.6"
      }
    },
    "node_modules/@types/node": {
      "version": "18.7.13",
      "resolved": "https://artifactory.ultra.aero:443/artifactory/api/npm/brs-npm-repos/@types/node/-/node-18.7.13.tgz?dl=https://registry.npmjs.org/@types/node/-/node-18.7.13.tgz",
      "integrity": "sha1-I+bFFoMzSA1FQkM3i2noYatcARo=",
      "license": "MIT"
    },
    "node_modules/rxjs": {
      "version": "7.5.6",
      "resolved": "https://artifactory.ultra.aero:443/artifactory/api/npm/brs-npm-repos/rxjs/-/rxjs-7.5.6.tgz?dl=https://registry.npmjs.org/rxjs/-/rxjs-7.5.6.tgz",
      "integrity": "sha1-BEZXdVeGKv1pA1F858rnnsuWYrw=",
      "license": "Apache-2.0",
      "dependencies": {
        "tslib": "^2.1.0"
      }
    },
    "node_modules/tslib": {
      "version": "2.4.0",
      "resolved": "https://artifactory.ultra.aero:443/artifactory/api/npm/brs-npm-repos/tslib/-/tslib-2.4.0.tgz?dl=https://registry.npmjs.org/tslib/-/tslib-2.4.0.tgz",
      "integrity": "sha1-fOyqfwc85oCgWEeqd76UEJjzbcM=",
      "license": "0BSD"
    }
  },
  "dependencies": {
    "@types/node": {
      "version": "18.7.13",
      "resolved": "https://artifactory.ultra.aero:443/artifactory/api/npm/brs-npm-repos/@types/node/-/node-18.7.13.tgz?dl=https://registry.npmjs.org/@types/node/-/node-18.7.13.tgz",
      "integrity": "sha1-I+bFFoMzSA1FQkM3i2noYatcARo="
    },
    "rxjs": {
      "version": "7.5.6",
      "resolved": "https://artifactory.ultra.aero:443/artifactory/api/npm/brs-npm-repos/rxjs/-/rxjs-7.5.6.tgz?dl=https://registry.npmjs.org/rxjs/-/rxjs-7.5.6.tgz",
      "integrity": "sha1-BEZXdVeGKv1pA1F858rnnsuWYrw=",
      "requires": {
        "tslib": "^2.1.0"
      }
    },
    "tslib": {
      "version": "2.4.0",
      "resolved": "https://artifactory.ultra.aero:443/artifactory/api/npm/brs-npm-repos/tslib/-/tslib-2.4.0.tgz?dl=https://registry.npmjs.org/tslib/-/tslib-2.4.0.tgz",
      "integrity": "sha1-fOyqfwc85oCgWEeqd76UEJjzbcM="
    }
  }
}
