{
  "name": "code",
  "version": "1.0.0",
  "lockfileVersion": 2,
  "requires": true,
  "packages": {
    "": {
      "name": "code",
      "version": "1.0.0",
      "license": "ISC",
      "dependencies": {
        "rxjs": "^7.5.6"
      },
      "devDependencies": {
        "@types/node": "^20.8.7"
      }
    },
    "node_modules/@types/node": {
      "version": "20.8.7",
      "resolved": "https://artifactory.ultra.aero:443/artifactory/api/npm/brs-npm-repos/@types/node/-/node-20.8.7.tgz?dl=https://registry.npmjs.org/@types/node/-/node-20.8.7.tgz",
      "integrity": "sha1-rSOCeFCEPelzCW7fxavJ6SJJKiU=",
      "dev": true,
      "license": "MIT",
      "dependencies": {
        "undici-types": "~5.25.1"
      }
    },
    "node_modules/rxjs": {
      "version": "7.5.6",
      "resolved": "https://artifactory.ultra.aero:443/artifactory/api/npm/brs-npm-repos/rxjs/-/rxjs-7.5.6.tgz?dl=https://registry.npmjs.org/rxjs/-/rxjs-7.5.6.tgz",
      "integrity": "sha1-BEZXdVeGKv1pA1F858rnnsuWYrw=",
      "license": "Apache-2.0",
      "dependencies": {
        "tslib": "^2.1.0"
      }
    },
    "node_modules/tslib": {
      "version": "2.4.0",
      "resolved": "https://artifactory.ultra.aero:443/artifactory/api/npm/brs-npm-repos/tslib/-/tslib-2.4.0.tgz?dl=https://registry.npmjs.org/tslib/-/tslib-2.4.0.tgz",
      "integrity": "sha1-fOyqfwc85oCgWEeqd76UEJjzbcM=",
      "license": "0BSD"
    },
    "node_modules/undici-types": {
      "version": "5.25.3",
      "resolved": "https://artifactory.ultra.aero:443/artifactory/api/npm/brs-npm-repos/undici-types/-/undici-types-5.25.3.tgz?dl=https://registry.npmjs.org/undici-types/-/undici-types-5.25.3.tgz",
      "integrity": "sha1-4EQRWRTIXwvLsinzRqtznwZJmMM=",
      "dev": true,
      "license": "MIT"
    }
  },
  "dependencies": {
    "@types/node": {
      "version": "20.8.7",
      "resolved": "https://artifactory.ultra.aero:443/artifactory/api/npm/brs-npm-repos/@types/node/-/node-20.8.7.tgz?dl=https://registry.npmjs.org/@types/node/-/node-20.8.7.tgz",
      "integrity": "sha1-rSOCeFCEPelzCW7fxavJ6SJJKiU=",
      "dev": true,
      "requires": {
        "undici-types": "~5.25.1"
      }
    },
    "rxjs": {
      "version": "7.5.6",
      "resolved": "https://artifactory.ultra.aero:443/artifactory/api/npm/brs-npm-repos/rxjs/-/rxjs-7.5.6.tgz?dl=https://registry.npmjs.org/rxjs/-/rxjs-7.5.6.tgz",
      "integrity": "sha1-BEZXdVeGKv1pA1F858rnnsuWYrw=",
      "requires": {
        "tslib": "^2.1.0"
      }
    },
    "tslib": {
      "version": "2.4.0",
      "resolved": "https://artifactory.ultra.aero:443/artifactory/api/npm/brs-npm-repos/tslib/-/tslib-2.4.0.tgz?dl=https://registry.npmjs.org/tslib/-/tslib-2.4.0.tgz",
      "integrity": "sha1-fOyqfwc85oCgWEeqd76UEJjzbcM="
    },
    "undici-types": {
      "version": "5.25.3",
      "resolved": "https://artifactory.ultra.aero:443/artifactory/api/npm/brs-npm-repos/undici-types/-/undici-types-5.25.3.tgz?dl=https://registry.npmjs.org/undici-types/-/undici-types-5.25.3.tgz",
      "integrity": "sha1-4EQRWRTIXwvLsinzRqtznwZJmMM=",
      "dev": true
    }
  }
}
